
Microsoft Visual Studio Solution File, Format Version 12.00
# Visual Studio 15
VisualStudioVersion = 15.0.28307.421
MinimumVisualStudioVersion = 10.0.40219.1
Project("{9A19103F-16F7-4668-BE54-9A1E7A4F7556}") = "DatingApp.API", "DatingApp.API\DatingApp.API.csproj", "{510CADFC-1DB3-4952-A079-CC5B6E39449B}"
EndProject
Project("{FAE04EC0-301F-11D3-BF4B-00C04F79EFBC}") = "WebApplication1", "WebApplication1\WebApplication1.csproj", "{1546C91C-FD8C-481F-9FDD-703084E859AB}"
EndProject
Global
	GlobalSection(SolutionConfigurationPlatforms) = preSolution
		Debug|Any CPU = Debug|Any CPU
		Release|Any CPU = Release|Any CPU
	EndGlobalSection
	GlobalSection(ProjectConfigurationPlatforms) = postSolution
		{510CADFC-1DB3-4952-A079-CC5B6E39449B}.Debug|Any CPU.ActiveCfg = Debug|Any CPU
		{510CADFC-1DB3-4952-A079-CC5B6E39449B}.Debug|Any CPU.Build.0 = Debug|Any CPU
		{510CADFC-1DB3-4952-A079-CC5B6E39449B}.Release|Any CPU.ActiveCfg = Release|Any CPU
		{510CADFC-1DB3-4952-A079-CC5B6E39449B}.Release|Any CPU.Build.0 = Release|Any CPU
		{1546C91C-FD8C-481F-9FDD-703084E859AB}.Debug|Any CPU.ActiveCfg = Debug|Any CPU
		{1546C91C-FD8C-481F-9FDD-703084E859AB}.Debug|Any CPU.Build.0 = Debug|Any CPU
		{1546C91C-FD8C-481F-9FDD-703084E859AB}.Release|Any CPU.ActiveCfg = Release|Any CPU
		{1546C91C-FD8C-481F-9FDD-703084E859AB}.Release|Any CPU.Build.0 = Release|Any CPU
	EndGlobalSection
	GlobalSection(SolutionProperties) = preSolution
		HideSolutionNode = FALSE
	EndGlobalSection
	GlobalSection(ExtensibilityGlobals) = postSolution
		SolutionGuid = {8C0A88E1-041E-4247-8691-3A95D18BE501}
	EndGlobalSection
EndGlobal
